
Microsoft Visual Studio Solution File, Format Version 12.00
# Visual Studio 15
VisualStudioVersion = 15.0.27428.2043
MinimumVisualStudioVersion = 10.0.40219.1
Project("{FAE04EC0-301F-11D3-BF4B-00C04F79EFBC}") = "GiftShop_DS", "GiftShop_DS\GiftShop_DS.csproj", "{FB499A14-99AA-4707-BB20-5181BC382D07}"
EndProject
Project("{FAE04EC0-301F-11D3-BF4B-00C04F79EFBC}") = "Tester", "Tester\Tester.csproj", "{3E27F8A8-7808-45A4-A261-F77B979F081D}"
EndProject
Project("{FAE04EC0-301F-11D3-BF4B-00C04F79EFBC}") = "Common", "Common\Common.csproj", "{6D0445AF-13FC-4E01-B4AA-5C9AFA9B0106}"
EndProject
Global
	GlobalSection(SolutionConfigurationPlatforms) = preSolution
		Debug|Any CPU = Debug|Any CPU
		Release|Any CPU = Release|Any CPU
	EndGlobalSection
	GlobalSection(ProjectConfigurationPlatforms) = postSolution
		{FB499A14-99AA-4707-BB20-5181BC382D07}.Debug|Any CPU.ActiveCfg = Debug|Any CPU
		{FB499A14-99AA-4707-BB20-5181BC382D07}.Debug|Any CPU.Build.0 = Debug|Any CPU
		{FB499A14-99AA-4707-BB20-5181BC382D07}.Release|Any CPU.ActiveCfg = Release|Any CPU
		{FB499A14-99AA-4707-BB20-5181BC382D07}.Release|Any CPU.Build.0 = Release|Any CPU
		{3E27F8A8-7808-45A4-A261-F77B979F081D}.Debug|Any CPU.ActiveCfg = Debug|Any CPU
		{3E27F8A8-7808-45A4-A261-F77B979F081D}.Debug|Any CPU.Build.0 = Debug|Any CPU
		{3E27F8A8-7808-45A4-A261-F77B979F081D}.Release|Any CPU.ActiveCfg = Release|Any CPU
		{3E27F8A8-7808-45A4-A261-F77B979F081D}.Release|Any CPU.Build.0 = Release|Any CPU
		{6D0445AF-13FC-4E01-B4AA-5C9AFA9B0106}.Debug|Any CPU.ActiveCfg = Debug|Any CPU
		{6D0445AF-13FC-4E01-B4AA-5C9AFA9B0106}.Debug|Any CPU.Build.0 = Debug|Any CPU
		{6D0445AF-13FC-4E01-B4AA-5C9AFA9B0106}.Release|Any CPU.ActiveCfg = Release|Any CPU
		{6D0445AF-13FC-4E01-B4AA-5C9AFA9B0106}.Release|Any CPU.Build.0 = Release|Any CPU
	EndGlobalSection
	GlobalSection(SolutionProperties) = preSolution
		HideSolutionNode = FALSE
	EndGlobalSection
	GlobalSection(ExtensibilityGlobals) = postSolution
		SolutionGuid = {ED7C5509-B076-434E-B12D-162D59B0CC90}
	EndGlobalSection
EndGlobal
